
Microsoft Visual Studio Solution File, Format Version 12.00
# Visual Studio Version 16
VisualStudioVersion = 16.0.31729.503
MinimumVisualStudioVersion = 10.0.40219.1
Project("{FAE04EC0-301F-11D3-BF4B-00C04F79EFBC}") = "FinanzasApp", "FinanzasApp\FinanzasApp.csproj", "{53BC437D-E75E-401A-85A5-F283B4640BF0}"
EndProject
Project("{FAE04EC0-301F-11D3-BF4B-00C04F79EFBC}") = "PruebasUnitarias", "PruebasUnitarias\PruebasUnitarias.csproj", "{05D2D589-EC79-4F54-9EDB-44875A7821AA}"
EndProject
Global
	GlobalSection(SolutionConfigurationPlatforms) = preSolution
		Debug|Any CPU = Debug|Any CPU
		Release|Any CPU = Release|Any CPU
	EndGlobalSection
	GlobalSection(ProjectConfigurationPlatforms) = postSolution
		{53BC437D-E75E-401A-85A5-F283B4640BF0}.Debug|Any CPU.ActiveCfg = Debug|Any CPU
		{53BC437D-E75E-401A-85A5-F283B4640BF0}.Debug|Any CPU.Build.0 = Debug|Any CPU
		{53BC437D-E75E-401A-85A5-F283B4640BF0}.Release|Any CPU.ActiveCfg = Release|Any CPU
		{53BC437D-E75E-401A-85A5-F283B4640BF0}.Release|Any CPU.Build.0 = Release|Any CPU
		{05D2D589-EC79-4F54-9EDB-44875A7821AA}.Debug|Any CPU.ActiveCfg = Debug|Any CPU
		{05D2D589-EC79-4F54-9EDB-44875A7821AA}.Debug|Any CPU.Build.0 = Debug|Any CPU
		{05D2D589-EC79-4F54-9EDB-44875A7821AA}.Release|Any CPU.ActiveCfg = Release|Any CPU
		{05D2D589-EC79-4F54-9EDB-44875A7821AA}.Release|Any CPU.Build.0 = Release|Any CPU
	EndGlobalSection
	GlobalSection(SolutionProperties) = preSolution
		HideSolutionNode = FALSE
	EndGlobalSection
	GlobalSection(ExtensibilityGlobals) = postSolution
		SolutionGuid = {E6EF8D2D-5BC5-4A8C-A5A2-A6B2D5B1C5CE}
	EndGlobalSection
EndGlobal
